Microsoft Visual Studio Solution File, Format Version 12.00
# Visual Studio 16
Project("{8BC9CEB8-8B4A-11D0-8D11-00A0C91BC942}") = "ALL_BUILD", "ALL_BUILD.vcxproj", "{96DC063C-C19A-328D-8E90-EF3B00B57F52}"
	ProjectSection(ProjectDependencies) = postProject
		{BDBB41F5-1E01-3B31-BF1E-8C5C882A3013} = {BDBB41F5-1E01-3B31-BF1E-8C5C882A3013}
		{47B9B1D7-E23B-3991-A690-8D95FFAD92AF} = {47B9B1D7-E23B-3991-A690-8D95FFAD92AF}
		{573070F0-1B17-3293-959F-F6EAFB603AFC} = {573070F0-1B17-3293-959F-F6EAFB603AFC}
		{CD29D34E-A2FB-37B8-A23F-D357F487DEBB} = {CD29D34E-A2FB-37B8-A23F-D357F487DEBB}
		{48BCFE26-F6E1-3AA7-8DFF-FF93EC8AC6B4} = {48BCFE26-F6E1-3AA7-8DFF-FF93EC8AC6B4}
	EndProjectSection
EndProject
Project("{8BC9CEB8-8B4A-11D0-8D11-00A0C91BC942}") = "ZERO_CHECK", "ZERO_CHECK.vcxproj", "{BDBB41F5-1E01-3B31-BF1E-8C5C882A3013}"
	ProjectSection(ProjectDependencies) = postProject
	EndProjectSection
EndProject
Project("{8BC9CEB8-8B4A-11D0-8D11-00A0C91BC942}") = "cef_gtest", "tests\gtest\cef_gtest.vcxproj", "{47B9B1D7-E23B-3991-A690-8D95FFAD92AF}"
	ProjectSection(ProjectDependencies) = postProject
		{BDBB41F5-1E01-3B31-BF1E-8C5C882A3013} = {BDBB41F5-1E01-3B31-BF1E-8C5C882A3013}
	EndProjectSection
EndProject
Project("{8BC9CEB8-8B4A-11D0-8D11-00A0C91BC942}") = "cefclient", "tests\cefclient\cefclient.vcxproj", "{573070F0-1B17-3293-959F-F6EAFB603AFC}"
	ProjectSection(ProjectDependencies) = postProject
		{BDBB41F5-1E01-3B31-BF1E-8C5C882A3013} = {BDBB41F5-1E01-3B31-BF1E-8C5C882A3013}
		{CD29D34E-A2FB-37B8-A23F-D357F487DEBB} = {CD29D34E-A2FB-37B8-A23F-D357F487DEBB}
	EndProjectSection
EndProject
Project("{8BC9CEB8-8B4A-11D0-8D11-00A0C91BC942}") = "libcef_dll_wrapper", "libcef_dll_wrapper\libcef_dll_wrapper.vcxproj", "{CD29D34E-A2FB-37B8-A23F-D357F487DEBB}"
	ProjectSection(ProjectDependencies) = postProject
		{BDBB41F5-1E01-3B31-BF1E-8C5C882A3013} = {BDBB41F5-1E01-3B31-BF1E-8C5C882A3013}
	EndProjectSection
EndProject
Project("{8BC9CEB8-8B4A-11D0-8D11-00A0C91BC942}") = "pbbrowser", "tests\pbbrowser\pbbrowser.vcxproj", "{48BCFE26-F6E1-3AA7-8DFF-FF93EC8AC6B4}"
	ProjectSection(ProjectDependencies) = postProject
		{BDBB41F5-1E01-3B31-BF1E-8C5C882A3013} = {BDBB41F5-1E01-3B31-BF1E-8C5C882A3013}
		{CD29D34E-A2FB-37B8-A23F-D357F487DEBB} = {CD29D34E-A2FB-37B8-A23F-D357F487DEBB}
	EndProjectSection
EndProject
Global
	GlobalSection(SolutionConfigurationPlatforms) = preSolution
		Debug|Win32 = Debug|Win32
		Release|Win32 = Release|Win32
	EndGlobalSection
	GlobalSection(ProjectConfigurationPlatforms) = postSolution
		{96DC063C-C19A-328D-8E90-EF3B00B57F52}.Debug|Win32.ActiveCfg = Debug|Win32
		{96DC063C-C19A-328D-8E90-EF3B00B57F52}.Release|Win32.ActiveCfg = Release|Win32
		{BDBB41F5-1E01-3B31-BF1E-8C5C882A3013}.Debug|Win32.ActiveCfg = Debug|Win32
		{BDBB41F5-1E01-3B31-BF1E-8C5C882A3013}.Debug|Win32.Build.0 = Debug|Win32
		{BDBB41F5-1E01-3B31-BF1E-8C5C882A3013}.Release|Win32.ActiveCfg = Release|Win32
		{BDBB41F5-1E01-3B31-BF1E-8C5C882A3013}.Release|Win32.Build.0 = Release|Win32
		{47B9B1D7-E23B-3991-A690-8D95FFAD92AF}.Debug|Win32.ActiveCfg = Debug|Win32
		{47B9B1D7-E23B-3991-A690-8D95FFAD92AF}.Debug|Win32.Build.0 = Debug|Win32
		{47B9B1D7-E23B-3991-A690-8D95FFAD92AF}.Release|Win32.ActiveCfg = Release|Win32
		{47B9B1D7-E23B-3991-A690-8D95FFAD92AF}.Release|Win32.Build.0 = Release|Win32
		{573070F0-1B17-3293-959F-F6EAFB603AFC}.Debug|Win32.ActiveCfg = Debug|Win32
		{573070F0-1B17-3293-959F-F6EAFB603AFC}.Debug|Win32.Build.0 = Debug|Win32
		{573070F0-1B17-3293-959F-F6EAFB603AFC}.Release|Win32.ActiveCfg = Release|Win32
		{573070F0-1B17-3293-959F-F6EAFB603AFC}.Release|Win32.Build.0 = Release|Win32
		{CD29D34E-A2FB-37B8-A23F-D357F487DEBB}.Debug|Win32.ActiveCfg = Debug|Win32
		{CD29D34E-A2FB-37B8-A23F-D357F487DEBB}.Debug|Win32.Build.0 = Debug|Win32
		{CD29D34E-A2FB-37B8-A23F-D357F487DEBB}.Release|Win32.ActiveCfg = Release|Win32
		{CD29D34E-A2FB-37B8-A23F-D357F487DEBB}.Release|Win32.Build.0 = Release|Win32
		{48BCFE26-F6E1-3AA7-8DFF-FF93EC8AC6B4}.Debug|Win32.ActiveCfg = Debug|Win32
		{48BCFE26-F6E1-3AA7-8DFF-FF93EC8AC6B4}.Debug|Win32.Build.0 = Debug|Win32
		{48BCFE26-F6E1-3AA7-8DFF-FF93EC8AC6B4}.Release|Win32.ActiveCfg = Release|Win32
		{48BCFE26-F6E1-3AA7-8DFF-FF93EC8AC6B4}.Release|Win32.Build.0 = Release|Win32
	EndGlobalSection
	GlobalSection(ExtensibilityGlobals) = postSolution
		SolutionGuid = {E8CC6841-6614-3411-8258-9E1B520B957C}
	EndGlobalSection
	GlobalSection(ExtensibilityAddIns) = postSolution
	EndGlobalSection
EndGlobal
