Microsoft Visual Studio Solution File, Format Version 12.00
# Visual Studio 16
Project("{8BC9CEB8-8B4A-11D0-8D11-00A0C91BC942}") = "ALL_BUILD", "ALL_BUILD.vcxproj", "{F417F5E0-659F-36FE-BB1D-402AD3180999}"
	ProjectSection(ProjectDependencies) = postProject
		{A3E42DEC-2043-396B-8EB3-337EF01BA121} = {A3E42DEC-2043-396B-8EB3-337EF01BA121}
		{8761D6C5-70AB-3337-96BE-79E04DDD2B4F} = {8761D6C5-70AB-3337-96BE-79E04DDD2B4F}
		{7C098517-2796-3CCF-98C6-07A2EEAF60F6} = {7C098517-2796-3CCF-98C6-07A2EEAF60F6}
		{B5106CDB-5530-3CCE-A74C-664F7024B6C9} = {B5106CDB-5530-3CCE-A74C-664F7024B6C9}
		{6BD778B5-DC11-3299-9A28-C9617F7A9373} = {6BD778B5-DC11-3299-9A28-C9617F7A9373}
		{D8A52995-F74F-3EE7-8D85-50C9ADA8B275} = {D8A52995-F74F-3EE7-8D85-50C9ADA8B275}
	EndProjectSection
EndProject
Project("{8BC9CEB8-8B4A-11D0-8D11-00A0C91BC942}") = "ZERO_CHECK", "ZERO_CHECK.vcxproj", "{A3E42DEC-2043-396B-8EB3-337EF01BA121}"
	ProjectSection(ProjectDependencies) = postProject
	EndProjectSection
EndProject
Project("{8BC9CEB8-8B4A-11D0-8D11-00A0C91BC942}") = "cef_gtest", "tests\gtest\cef_gtest.vcxproj", "{8761D6C5-70AB-3337-96BE-79E04DDD2B4F}"
	ProjectSection(ProjectDependencies) = postProject
		{A3E42DEC-2043-396B-8EB3-337EF01BA121} = {A3E42DEC-2043-396B-8EB3-337EF01BA121}
	EndProjectSection
EndProject
Project("{8BC9CEB8-8B4A-11D0-8D11-00A0C91BC942}") = "cefclient", "tests\cefclient\cefclient.vcxproj", "{7C098517-2796-3CCF-98C6-07A2EEAF60F6}"
	ProjectSection(ProjectDependencies) = postProject
		{A3E42DEC-2043-396B-8EB3-337EF01BA121} = {A3E42DEC-2043-396B-8EB3-337EF01BA121}
		{6BD778B5-DC11-3299-9A28-C9617F7A9373} = {6BD778B5-DC11-3299-9A28-C9617F7A9373}
	EndProjectSection
EndProject
Project("{8BC9CEB8-8B4A-11D0-8D11-00A0C91BC942}") = "ceftests", "tests\ceftests\ceftests.vcxproj", "{B5106CDB-5530-3CCE-A74C-664F7024B6C9}"
	ProjectSection(ProjectDependencies) = postProject
		{A3E42DEC-2043-396B-8EB3-337EF01BA121} = {A3E42DEC-2043-396B-8EB3-337EF01BA121}
		{8761D6C5-70AB-3337-96BE-79E04DDD2B4F} = {8761D6C5-70AB-3337-96BE-79E04DDD2B4F}
		{6BD778B5-DC11-3299-9A28-C9617F7A9373} = {6BD778B5-DC11-3299-9A28-C9617F7A9373}
	EndProjectSection
EndProject
Project("{8BC9CEB8-8B4A-11D0-8D11-00A0C91BC942}") = "libcef_dll_wrapper", "libcef_dll_wrapper\libcef_dll_wrapper.vcxproj", "{6BD778B5-DC11-3299-9A28-C9617F7A9373}"
	ProjectSection(ProjectDependencies) = postProject
		{A3E42DEC-2043-396B-8EB3-337EF01BA121} = {A3E42DEC-2043-396B-8EB3-337EF01BA121}
	EndProjectSection
EndProject
Project("{8BC9CEB8-8B4A-11D0-8D11-00A0C91BC942}") = "pbbrowser", "tests\pbbrowser\pbbrowser.vcxproj", "{D8A52995-F74F-3EE7-8D85-50C9ADA8B275}"
	ProjectSection(ProjectDependencies) = postProject
		{A3E42DEC-2043-396B-8EB3-337EF01BA121} = {A3E42DEC-2043-396B-8EB3-337EF01BA121}
		{6BD778B5-DC11-3299-9A28-C9617F7A9373} = {6BD778B5-DC11-3299-9A28-C9617F7A9373}
	EndProjectSection
EndProject
Global
	GlobalSection(SolutionConfigurationPlatforms) = preSolution
		Debug|Win32 = Debug|Win32
		Release|Win32 = Release|Win32
	EndGlobalSection
	GlobalSection(ProjectConfigurationPlatforms) = postSolution
		{F417F5E0-659F-36FE-BB1D-402AD3180999}.Debug|Win32.ActiveCfg = Debug|Win32
		{F417F5E0-659F-36FE-BB1D-402AD3180999}.Release|Win32.ActiveCfg = Release|Win32
		{A3E42DEC-2043-396B-8EB3-337EF01BA121}.Debug|Win32.ActiveCfg = Debug|Win32
		{A3E42DEC-2043-396B-8EB3-337EF01BA121}.Debug|Win32.Build.0 = Debug|Win32
		{A3E42DEC-2043-396B-8EB3-337EF01BA121}.Release|Win32.ActiveCfg = Release|Win32
		{A3E42DEC-2043-396B-8EB3-337EF01BA121}.Release|Win32.Build.0 = Release|Win32
		{8761D6C5-70AB-3337-96BE-79E04DDD2B4F}.Debug|Win32.ActiveCfg = Debug|Win32
		{8761D6C5-70AB-3337-96BE-79E04DDD2B4F}.Debug|Win32.Build.0 = Debug|Win32
		{8761D6C5-70AB-3337-96BE-79E04DDD2B4F}.Release|Win32.ActiveCfg = Release|Win32
		{8761D6C5-70AB-3337-96BE-79E04DDD2B4F}.Release|Win32.Build.0 = Release|Win32
		{7C098517-2796-3CCF-98C6-07A2EEAF60F6}.Debug|Win32.ActiveCfg = Debug|Win32
		{7C098517-2796-3CCF-98C6-07A2EEAF60F6}.Debug|Win32.Build.0 = Debug|Win32
		{7C098517-2796-3CCF-98C6-07A2EEAF60F6}.Release|Win32.ActiveCfg = Release|Win32
		{7C098517-2796-3CCF-98C6-07A2EEAF60F6}.Release|Win32.Build.0 = Release|Win32
		{B5106CDB-5530-3CCE-A74C-664F7024B6C9}.Debug|Win32.ActiveCfg = Debug|Win32
		{B5106CDB-5530-3CCE-A74C-664F7024B6C9}.Debug|Win32.Build.0 = Debug|Win32
		{B5106CDB-5530-3CCE-A74C-664F7024B6C9}.Release|Win32.ActiveCfg = Release|Win32
		{B5106CDB-5530-3CCE-A74C-664F7024B6C9}.Release|Win32.Build.0 = Release|Win32
		{6BD778B5-DC11-3299-9A28-C9617F7A9373}.Debug|Win32.ActiveCfg = Debug|Win32
		{6BD778B5-DC11-3299-9A28-C9617F7A9373}.Debug|Win32.Build.0 = Debug|Win32
		{6BD778B5-DC11-3299-9A28-C9617F7A9373}.Release|Win32.ActiveCfg = Release|Win32
		{6BD778B5-DC11-3299-9A28-C9617F7A9373}.Release|Win32.Build.0 = Release|Win32
		{D8A52995-F74F-3EE7-8D85-50C9ADA8B275}.Debug|Win32.ActiveCfg = Debug|Win32
		{D8A52995-F74F-3EE7-8D85-50C9ADA8B275}.Debug|Win32.Build.0 = Debug|Win32
		{D8A52995-F74F-3EE7-8D85-50C9ADA8B275}.Release|Win32.ActiveCfg = Release|Win32
		{D8A52995-F74F-3EE7-8D85-50C9ADA8B275}.Release|Win32.Build.0 = Release|Win32
	EndGlobalSection
	GlobalSection(ExtensibilityGlobals) = postSolution
		SolutionGuid = {A98DF8C2-8232-34BD-9B85-2B4E673DAC1D}
	EndGlobalSection
	GlobalSection(ExtensibilityAddIns) = postSolution
	EndGlobalSection
EndGlobal
