<?xml version="1.0" encoding="utf-8"?>
<Project ToolsVersion="16.0" xmlns="http://schemas.microsoft.com/developer/msbuild/2003">
  <ItemGroup>
    <CustomBuild Include="E:\dev\pbbrowser\pbbrowser_cef\CMakeFiles\d3bcec21123af9388bdbbc7b92b0c63a\generate.stamp.rule">
      <Filter>CMake Rules</Filter>
    </CustomBuild>
  </ItemGroup>
  <ItemGroup>
    <Filter Include="CMake Rules">
      <UniqueIdentifier>{8489BA04-3B16-3CDA-962D-9D1541B9C3B3}</UniqueIdentifier>
    </Filter>
  </ItemGroup>
</Project>
